
Microsoft Visual Studio Solution File, Format Version 12.00
# Visual Studio 15
VisualStudioVersion = 15.0.27130.2003
MinimumVisualStudioVersion = 10.0.40219.1
Project("{FAE04EC0-301F-11D3-BF4B-00C04F79EFBC}") = "DataAccessLayer", "DataAccessLayer\DataAccessLayer.csproj", "{E6EF1AE5-DD5E-49E8-A096-07BAF3C04C77}"
EndProject
Project("{FAE04EC0-301F-11D3-BF4B-00C04F79EFBC}") = "BLLWcfServiceLibrary1", "BLLWcfServiceLibrary1\BLLWcfServiceLibrary1.csproj", "{958C8F99-00EF-49FF-925C-87B003547155}"
EndProject
Global
	GlobalSection(SolutionConfigurationPlatforms) = preSolution
		Debug|Any CPU = Debug|Any CPU
		Release|Any CPU = Release|Any CPU
	EndGlobalSection
	GlobalSection(ProjectConfigurationPlatforms) = postSolution
		{E6EF1AE5-DD5E-49E8-A096-07BAF3C04C77}.Debug|Any CPU.ActiveCfg = Debug|Any CPU
		{E6EF1AE5-DD5E-49E8-A096-07BAF3C04C77}.Debug|Any CPU.Build.0 = Debug|Any CPU
		{E6EF1AE5-DD5E-49E8-A096-07BAF3C04C77}.Release|Any CPU.ActiveCfg = Release|Any CPU
		{E6EF1AE5-DD5E-49E8-A096-07BAF3C04C77}.Release|Any CPU.Build.0 = Release|Any CPU
		{958C8F99-00EF-49FF-925C-87B003547155}.Debug|Any CPU.ActiveCfg = Debug|Any CPU
		{958C8F99-00EF-49FF-925C-87B003547155}.Debug|Any CPU.Build.0 = Debug|Any CPU
		{958C8F99-00EF-49FF-925C-87B003547155}.Release|Any CPU.ActiveCfg = Release|Any CPU
		{958C8F99-00EF-49FF-925C-87B003547155}.Release|Any CPU.Build.0 = Release|Any CPU
	EndGlobalSection
	GlobalSection(SolutionProperties) = preSolution
		HideSolutionNode = FALSE
	EndGlobalSection
	GlobalSection(ExtensibilityGlobals) = postSolution
		SolutionGuid = {2003DC09-602D-4B9B-B064-1CEED4416F1A}
	EndGlobalSection
EndGlobal
